<Solution>
  <Folder Name="/services/" />
  <Folder Name="/services/analytic-service/">
    <Project Path="services/analytic-service/PolesTaxi.AnalyticService.csproj" />
  </Folder>
  <Folder Name="/services/auth-service/">
    <Project Path="services/auth-service/PolesTaxi.AuthService.csproj" />
  </Folder>
  <Folder Name="/services/driver-service/">
    <Project Path="services/driver-service/PolesTaxi.DriverService.csproj" />
  </Folder>
  <Folder Name="/services/gateway-service/">
    <Project Path="services/gateway-service/PolesTaxi.GatewayService.csproj" />
  </Folder>
  <Folder Name="/services/order-service/">
    <Project Path="services/order-service/PolesTaxi.OrderService.csproj" />
  </Folder>
  <Folder Name="/services/user-service/">
    <Project Path="services/user-service/PolesTaxi.UserService.csproj" />
  </Folder>
  <Folder Name="/services/wallet-service/">
    <Project Path="services/wallet-service/PolesTaxi.WalletService.csproj" />
  </Folder>
  <Folder Name="/shared/">
    <Project Path="shared/PolesTaxi.Shared/PolesTaxi.Shared.csproj" />
  </Folder>
</Solution>
